
Microsoft Visual Studio Solution File, Format Version 12.00
# Visual Studio Version 17
VisualStudioVersion = 17.9.34728.123
MinimumVisualStudioVersion = 10.0.40219.1
Project("{9A19103F-16F7-4668-BE54-9A1E7A4F7556}") = "LINQExample", "LINQExample\LINQExample.csproj", "{3058489F-F1CA-4E5A-9DE9-CD21106FFA22}"
EndProject
Project("{9A19103F-16F7-4668-BE54-9A1E7A4F7556}") = "SelectManyExample", "SelectManyExample\SelectManyExample.csproj", "{468C70BE-F6CC-4193-A9E4-BBD0E63588E6}"
EndProject
Project("{9A19103F-16F7-4668-BE54-9A1E7A4F7556}") = "AggregateMethodsExample", "AggregateMethodsExample\AggregateMethodsExample.csproj", "{3C695E39-499C-4DF9-90E9-70B55B1893E1}"
EndProject
Project("{9A19103F-16F7-4668-BE54-9A1E7A4F7556}") = "ContainsMethodExample", "ContainsMethodExample\ContainsMethodExample.csproj", "{C0291B97-DDD6-4785-A363-B395D4541AA6}"
EndProject
Project("{9A19103F-16F7-4668-BE54-9A1E7A4F7556}") = "DataPartitioning", "DataPartitioning\DataPartitioning.csproj", "{3CDE21DD-E2D5-464E-98C2-668F125B743F}"
EndProject
Project("{9A19103F-16F7-4668-BE54-9A1E7A4F7556}") = "LinqQuaryOperators", "LinqQuaryOperators\LinqQuaryOperators.csproj", "{2158FAA5-6D6B-4C36-A2B3-EE12DF6728AF}"
EndProject
Project("{9A19103F-16F7-4668-BE54-9A1E7A4F7556}") = "JoinMethod", "JoinMethod\JoinMethod.csproj", "{4816EECF-E946-48E1-B96D-63B38A19DCEE}"
EndProject
Project("{9A19103F-16F7-4668-BE54-9A1E7A4F7556}") = "GroupingExample", "GroupingExample\GroupingExample.csproj", "{B293F761-5A37-424D-893D-4B266EDA72EF}"
EndProject
Project("{9A19103F-16F7-4668-BE54-9A1E7A4F7556}") = "ConcatMethodExample", "ConcatMethodExample\ConcatMethodExample.csproj", "{10FDB203-D73C-4934-BA92-6E9AA3049BA4}"
EndProject
Project("{9A19103F-16F7-4668-BE54-9A1E7A4F7556}") = "SetOperationsExample", "SetOperationsExample\SetOperationsExample.csproj", "{26870A8C-2E53-4B07-8459-F2FE28C5C209}"
EndProject
Project("{FAE04EC0-301F-11D3-BF4B-00C04F79EFBC}") = "EqualityOperatorExample", "EqualityOperatorExample\EqualityOperatorExample.csproj", "{B46004D2-452E-4F83-B0E5-561775374F01}"
EndProject
Global
	GlobalSection(SolutionConfigurationPlatforms) = preSolution
		Debug|Any CPU = Debug|Any CPU
		Release|Any CPU = Release|Any CPU
	EndGlobalSection
	GlobalSection(ProjectConfigurationPlatforms) = postSolution
		{3058489F-F1CA-4E5A-9DE9-CD21106FFA22}.Debug|Any CPU.ActiveCfg = Debug|Any CPU
		{3058489F-F1CA-4E5A-9DE9-CD21106FFA22}.Debug|Any CPU.Build.0 = Debug|Any CPU
		{3058489F-F1CA-4E5A-9DE9-CD21106FFA22}.Release|Any CPU.ActiveCfg = Release|Any CPU
		{3058489F-F1CA-4E5A-9DE9-CD21106FFA22}.Release|Any CPU.Build.0 = Release|Any CPU
		{468C70BE-F6CC-4193-A9E4-BBD0E63588E6}.Debug|Any CPU.ActiveCfg = Debug|Any CPU
		{468C70BE-F6CC-4193-A9E4-BBD0E63588E6}.Debug|Any CPU.Build.0 = Debug|Any CPU
		{468C70BE-F6CC-4193-A9E4-BBD0E63588E6}.Release|Any CPU.ActiveCfg = Release|Any CPU
		{468C70BE-F6CC-4193-A9E4-BBD0E63588E6}.Release|Any CPU.Build.0 = Release|Any CPU
		{3C695E39-499C-4DF9-90E9-70B55B1893E1}.Debug|Any CPU.ActiveCfg = Debug|Any CPU
		{3C695E39-499C-4DF9-90E9-70B55B1893E1}.Debug|Any CPU.Build.0 = Debug|Any CPU
		{3C695E39-499C-4DF9-90E9-70B55B1893E1}.Release|Any CPU.ActiveCfg = Release|Any CPU
		{3C695E39-499C-4DF9-90E9-70B55B1893E1}.Release|Any CPU.Build.0 = Release|Any CPU
		{C0291B97-DDD6-4785-A363-B395D4541AA6}.Debug|Any CPU.ActiveCfg = Debug|Any CPU
		{C0291B97-DDD6-4785-A363-B395D4541AA6}.Debug|Any CPU.Build.0 = Debug|Any CPU
		{C0291B97-DDD6-4785-A363-B395D4541AA6}.Release|Any CPU.ActiveCfg = Release|Any CPU
		{C0291B97-DDD6-4785-A363-B395D4541AA6}.Release|Any CPU.Build.0 = Release|Any CPU
		{3CDE21DD-E2D5-464E-98C2-668F125B743F}.Debug|Any CPU.ActiveCfg = Debug|Any CPU
		{3CDE21DD-E2D5-464E-98C2-668F125B743F}.Debug|Any CPU.Build.0 = Debug|Any CPU
		{3CDE21DD-E2D5-464E-98C2-668F125B743F}.Release|Any CPU.ActiveCfg = Release|Any CPU
		{3CDE21DD-E2D5-464E-98C2-668F125B743F}.Release|Any CPU.Build.0 = Release|Any CPU
		{2158FAA5-6D6B-4C36-A2B3-EE12DF6728AF}.Debug|Any CPU.ActiveCfg = Debug|Any CPU
		{2158FAA5-6D6B-4C36-A2B3-EE12DF6728AF}.Debug|Any CPU.Build.0 = Debug|Any CPU
		{2158FAA5-6D6B-4C36-A2B3-EE12DF6728AF}.Release|Any CPU.ActiveCfg = Release|Any CPU
		{2158FAA5-6D6B-4C36-A2B3-EE12DF6728AF}.Release|Any CPU.Build.0 = Release|Any CPU
		{4816EECF-E946-48E1-B96D-63B38A19DCEE}.Debug|Any CPU.ActiveCfg = Debug|Any CPU
		{4816EECF-E946-48E1-B96D-63B38A19DCEE}.Debug|Any CPU.Build.0 = Debug|Any CPU
		{4816EECF-E946-48E1-B96D-63B38A19DCEE}.Release|Any CPU.ActiveCfg = Release|Any CPU
		{4816EECF-E946-48E1-B96D-63B38A19DCEE}.Release|Any CPU.Build.0 = Release|Any CPU
		{B293F761-5A37-424D-893D-4B266EDA72EF}.Debug|Any CPU.ActiveCfg = Debug|Any CPU
		{B293F761-5A37-424D-893D-4B266EDA72EF}.Debug|Any CPU.Build.0 = Debug|Any CPU
		{B293F761-5A37-424D-893D-4B266EDA72EF}.Release|Any CPU.ActiveCfg = Release|Any CPU
		{B293F761-5A37-424D-893D-4B266EDA72EF}.Release|Any CPU.Build.0 = Release|Any CPU
		{10FDB203-D73C-4934-BA92-6E9AA3049BA4}.Debug|Any CPU.ActiveCfg = Debug|Any CPU
		{10FDB203-D73C-4934-BA92-6E9AA3049BA4}.Debug|Any CPU.Build.0 = Debug|Any CPU
		{10FDB203-D73C-4934-BA92-6E9AA3049BA4}.Release|Any CPU.ActiveCfg = Release|Any CPU
		{10FDB203-D73C-4934-BA92-6E9AA3049BA4}.Release|Any CPU.Build.0 = Release|Any CPU
		{26870A8C-2E53-4B07-8459-F2FE28C5C209}.Debug|Any CPU.ActiveCfg = Debug|Any CPU
		{26870A8C-2E53-4B07-8459-F2FE28C5C209}.Debug|Any CPU.Build.0 = Debug|Any CPU
		{26870A8C-2E53-4B07-8459-F2FE28C5C209}.Release|Any CPU.ActiveCfg = Release|Any CPU
		{26870A8C-2E53-4B07-8459-F2FE28C5C209}.Release|Any CPU.Build.0 = Release|Any CPU
		{B46004D2-452E-4F83-B0E5-561775374F01}.Debug|Any CPU.ActiveCfg = Debug|Any CPU
		{B46004D2-452E-4F83-B0E5-561775374F01}.Debug|Any CPU.Build.0 = Debug|Any CPU
		{B46004D2-452E-4F83-B0E5-561775374F01}.Release|Any CPU.ActiveCfg = Release|Any CPU
		{B46004D2-452E-4F83-B0E5-561775374F01}.Release|Any CPU.Build.0 = Release|Any CPU
	EndGlobalSection
	GlobalSection(SolutionProperties) = preSolution
		HideSolutionNode = FALSE
	EndGlobalSection
	GlobalSection(ExtensibilityGlobals) = postSolution
		SolutionGuid = {42B20AD5-CD0F-45D7-9834-84AB11AB4C93}
	EndGlobalSection
EndGlobal
